
Microsoft Visual Studio Solution File, Format Version 12.00
# Visual Studio Version 17
VisualStudioVersion = 17.7.34221.43
MinimumVisualStudioVersion = 10.0.40219.1
Project("{FAE04EC0-301F-11D3-BF4B-00C04F79EFBC}") = "Practice_5", "Practice_5.csproj", "{C693431D-5478-4A3D-B3DD-36800EDE7C03}"
EndProject
Global
	GlobalSection(SolutionConfigurationPlatforms) = preSolution
		Debug|Any CPU = Debug|Any CPU
		Release|Any CPU = Release|Any CPU
	EndGlobalSection
	GlobalSection(ProjectConfigurationPlatforms) = postSolution
		{C693431D-5478-4A3D-B3DD-36800EDE7C03}.Debug|Any CPU.ActiveCfg = Debug|Any CPU
		{C693431D-5478-4A3D-B3DD-36800EDE7C03}.Debug|Any CPU.Build.0 = Debug|Any CPU
		{C693431D-5478-4A3D-B3DD-36800EDE7C03}.Release|Any CPU.ActiveCfg = Release|Any CPU
		{C693431D-5478-4A3D-B3DD-36800EDE7C03}.Release|Any CPU.Build.0 = Release|Any CPU
	EndGlobalSection
	GlobalSection(SolutionProperties) = preSolution
		HideSolutionNode = FALSE
	EndGlobalSection
	GlobalSection(ExtensibilityGlobals) = postSolution
		SolutionGuid = {0C93AD69-5C78-42DD-8313-916C92D9A329}
	EndGlobalSection
EndGlobal
